
Microsoft Visual Studio Solution File, Format Version 12.00
# Visual Studio Version 17
VisualStudioVersion = 17.3.32819.101
MinimumVisualStudioVersion = 10.0.40219.1
Project("{FAE04EC0-301F-11D3-BF4B-00C04F79EFBC}") = "RickAndMortyDoctos", "RickAndMortyDoctos\RickAndMortyDoctos.csproj", "{7971D9D4-9AAC-4AEE-88E8-FB65278DA7DB}"
EndProject
Global
	GlobalSection(SolutionConfigurationPlatforms) = preSolution
		Debug|Any CPU = Debug|Any CPU
		Release|Any CPU = Release|Any CPU
	EndGlobalSection
	GlobalSection(ProjectConfigurationPlatforms) = postSolution
		{7971D9D4-9AAC-4AEE-88E8-FB65278DA7DB}.Debug|Any CPU.ActiveCfg = Debug|Any CPU
		{7971D9D4-9AAC-4AEE-88E8-FB65278DA7DB}.Debug|Any CPU.Build.0 = Debug|Any CPU
		{7971D9D4-9AAC-4AEE-88E8-FB65278DA7DB}.Release|Any CPU.ActiveCfg = Release|Any CPU
		{7971D9D4-9AAC-4AEE-88E8-FB65278DA7DB}.Release|Any CPU.Build.0 = Release|Any CPU
	EndGlobalSection
	GlobalSection(SolutionProperties) = preSolution
		HideSolutionNode = FALSE
	EndGlobalSection
	GlobalSection(ExtensibilityGlobals) = postSolution
		SolutionGuid = {BD4879C6-95F5-43C4-AAB4-AC84B6CCFA95}
	EndGlobalSection
EndGlobal
